
Microsoft Visual Studio Solution File, Format Version 12.00
# Visual Studio Version 16
VisualStudioVersion = 16.0.34902.97
MinimumVisualStudioVersion = 10.0.40219.1
Project("{FAE04EC0-301F-11D3-BF4B-00C04F79EFBC}") = "BranchingAssignment", "BranchingAssignment\BranchingAssignment.csproj", "{1D726972-4533-401C-BD82-4827DF4D577C}"
EndProject
Global
	GlobalSection(SolutionConfigurationPlatforms) = preSolution
		Debug|Any CPU = Debug|Any CPU
		Release|Any CPU = Release|Any CPU
	EndGlobalSection
	GlobalSection(ProjectConfigurationPlatforms) = postSolution
		{1D726972-4533-401C-BD82-4827DF4D577C}.Debug|Any CPU.ActiveCfg = Debug|Any CPU
		{1D726972-4533-401C-BD82-4827DF4D577C}.Debug|Any CPU.Build.0 = Debug|Any CPU
		{1D726972-4533-401C-BD82-4827DF4D577C}.Release|Any CPU.ActiveCfg = Release|Any CPU
		{1D726972-4533-401C-BD82-4827DF4D577C}.Release|Any CPU.Build.0 = Release|Any CPU
	EndGlobalSection
	GlobalSection(SolutionProperties) = preSolution
		HideSolutionNode = FALSE
	EndGlobalSection
	GlobalSection(ExtensibilityGlobals) = postSolution
		SolutionGuid = {29B5FB8A-0A86-4858-9457-06149B238850}
	EndGlobalSection
EndGlobal
